{
  "lockfileVersion": 1,
  "configVersion": 1,
  "workspaces": {
    "": {
      "dependencies": {
        "amqplib": "^2.0.1",
      },
      "devDependencies": {
        "@types/amqplib": "^0.10.8",
      },
    },
  },
  "packages": {
    "@types/amqplib": ["@types/amqplib@0.10.8", "", { "dependencies": { "@types/node": "*" } }, "sha512-vtDp8Pk1wsE/AuQ8/Rgtm6KUZYqcnTgNvEHwzCkX8rL7AGsC6zqAfKAAJhUZXFhM/Pp++tbnUHiam/8vVpPztA=="],

    "@types/node": ["@types/node@26.1.0", "", { "dependencies": { "undici-types": "~8.3.0" } }, "sha512-O0A1G3xPGy4w7AgQdAQYUlQ+BKk2Oovw8eRpofyp5KdBZULnbe+WqaOVNrm705SHphCiG4XHsACrSmPu1f+Kgw=="],

    "amqplib": ["amqplib@2.0.1", "", {}, "sha512-a3P2MgfCf9nzVis12VxWEn0dS6hcqve7dlEAhXDtIWR27BlhtMkILOc+H9aeHjDi6i6r94dYKc2Kx2OFe3avvg=="],

    "undici-types": ["undici-types@8.3.0", "", {}, "sha512-j375ScV60dom+YkPFIfTLcOiPxkN/buHz5GobjLhixFuANaNs3C9l4GmrWqejgXWJ7BbJcFYpTEUkS1Ge8bpZQ=="],
  }
}
